
Microsoft Visual Studio Solution File, Format Version 12.00
# Visual Studio Version 17
VisualStudioVersion = 17.11.35431.28
MinimumVisualStudioVersion = 10.0.40219.1
Project("{FAE04EC0-301F-11D3-BF4B-00C04F79EFBC}") = "CodeForcesCSharpTemplate", "CodeForcesCSharpTemplate.csproj", "{1FFA275D-A777-4ED3-AF85-08A520B50CF6}"
EndProject
Project("{FAE04EC0-301F-11D3-BF4B-00C04F79EFBC}") = "UnitTests", "Tests\UnitTests.csproj", "{326EBCA4-569F-438F-98E1-9A5004CA6BAA}"
	ProjectSection(ProjectDependencies) = postProject
		{1FFA275D-A777-4ED3-AF85-08A520B50CF6} = {1FFA275D-A777-4ED3-AF85-08A520B50CF6}
	EndProjectSection
EndProject
Global
	GlobalSection(SolutionConfigurationPlatforms) = preSolution
		Debug|Any CPU = Debug|Any CPU
		Release|Any CPU = Release|Any CPU
	EndGlobalSection
	GlobalSection(ProjectConfigurationPlatforms) = postSolution
		{1FFA275D-A777-4ED3-AF85-08A520B50CF6}.Debug|Any CPU.ActiveCfg = Debug|Any CPU
		{1FFA275D-A777-4ED3-AF85-08A520B50CF6}.Debug|Any CPU.Build.0 = Debug|Any CPU
		{1FFA275D-A777-4ED3-AF85-08A520B50CF6}.Release|Any CPU.ActiveCfg = Release|Any CPU
		{1FFA275D-A777-4ED3-AF85-08A520B50CF6}.Release|Any CPU.Build.0 = Release|Any CPU
		{326EBCA4-569F-438F-98E1-9A5004CA6BAA}.Debug|Any CPU.ActiveCfg = Debug|Any CPU
		{326EBCA4-569F-438F-98E1-9A5004CA6BAA}.Debug|Any CPU.Build.0 = Debug|Any CPU
		{326EBCA4-569F-438F-98E1-9A5004CA6BAA}.Release|Any CPU.ActiveCfg = Release|Any CPU
		{326EBCA4-569F-438F-98E1-9A5004CA6BAA}.Release|Any CPU.Build.0 = Release|Any CPU
	EndGlobalSection
	GlobalSection(SolutionProperties) = preSolution
		HideSolutionNode = FALSE
	EndGlobalSection
	GlobalSection(ExtensibilityGlobals) = postSolution
		SolutionGuid = {E88FA98A-26E6-42C0-90EF-B63FADB14B7A}
	EndGlobalSection
EndGlobal
